schema: '2.0'
stages:
  preprocess:
    cmd: py stroke_prediction/preprocess.py
    deps:
    - path: data/raw/healthcare-dataset-stroke-data.csv
      hash: md5
      md5: d9a5b44670d96019dedf4e761aded7a2
      size: 322081
    - path: stroke_prediction/preprocess.py
      hash: md5
      md5: b867fe1e28853d2be097ff00e1b4cf6f
      size: 3124
    outs:
    - path: data/processed/features.csv
      hash: md5
      md5: 873a95027c9ab98ec4dc9005a6cba38f
      size: 372234
  train:
    cmd: py stroke_prediction/train.py
    deps:
    - path: data/processed/features.csv
      hash: md5
      md5: 873a95027c9ab98ec4dc9005a6cba38f
      size: 372234
    - path: stroke_prediction/train.py
      hash: md5
      md5: f98f3bda602b685242fffb64cafaf207
      size: 2454
    outs:
    - path: models/logistic_regression.pkl
      hash: md5
      md5: 4e6073439bdff53085c57f7ccc3afd4e
      size: 924845
    - path: reports/metrics.json
      hash: md5
      md5: e0ef46a74f9d2c5bd18cadff8b4947ea
      size: 714
